
Microsoft Visual Studio Solution File, Format Version 12.00
# Visual Studio 15
VisualStudioVersion = 15.0.27703.2000
MinimumVisualStudioVersion = 10.0.40219.1
Project("{FAE04EC0-301F-11D3-BF4B-00C04F79EFBC}") = "DemoPopup.Android", "DemoPopup\DemoPopup.Android\DemoPopup.Android.csproj", "{CF2C7DFB-4A31-44EE-80EF-3DEA3BA5D85F}"
EndProject
Project("{FAE04EC0-301F-11D3-BF4B-00C04F79EFBC}") = "DemoPopup.iOS", "DemoPopup\DemoPopup.iOS\DemoPopup.iOS.csproj", "{E15F28B8-B5D8-400F-B3DD-446CF1D82869}"
EndProject
Project("{FAE04EC0-301F-11D3-BF4B-00C04F79EFBC}") = "DemoPopup", "DemoPopup\DemoPopup\DemoPopup.csproj", "{46B500D2-B482-4046-A73F-06FA904BFACF}"
EndProject
Global
	GlobalSection(SolutionConfigurationPlatforms) = preSolution
		Ad-Hoc|Any CPU = Ad-Hoc|Any CPU
		Ad-Hoc|iPhone = Ad-Hoc|iPhone
		Ad-Hoc|iPhoneSimulator = Ad-Hoc|iPhoneSimulator
		AppStore|Any CPU = AppStore|Any CPU
		AppStore|iPhone = AppStore|iPhone
		AppStore|iPhoneSimulator = AppStore|iPhoneSimulator
		Debug|Any CPU = Debug|Any CPU
		Debug|iPhone = Debug|iPhone
		Debug|iPhoneSimulator = Debug|iPhoneSimulator
		Release|Any CPU = Release|Any CPU
		Release|iPhone = Release|iPhone
		Release|iPhoneSimulator = Release|iPhoneSimulator
	EndGlobalSection
	GlobalSection(ProjectConfigurationPlatforms) = postSolution
		{CF2C7DFB-4A31-44EE-80EF-3DEA3BA5D85F}.Ad-Hoc|Any CPU.ActiveCfg = Release|Any CPU
		{CF2C7DFB-4A31-44EE-80EF-3DEA3BA5D85F}.Ad-Hoc|Any CPU.Build.0 = Release|Any CPU
		{CF2C7DFB-4A31-44EE-80EF-3DEA3BA5D85F}.Ad-Hoc|Any CPU.Deploy.0 = Release|Any CPU
		{CF2C7DFB-4A31-44EE-80EF-3DEA3BA5D85F}.Ad-Hoc|iPhone.ActiveCfg = Release|Any CPU
		{CF2C7DFB-4A31-44EE-80EF-3DEA3BA5D85F}.Ad-Hoc|iPhone.Build.0 = Release|Any CPU
		{CF2C7DFB-4A31-44EE-80EF-3DEA3BA5D85F}.Ad-Hoc|iPhone.Deploy.0 = Release|Any CPU
		{CF2C7DFB-4A31-44EE-80EF-3DEA3BA5D85F}.Ad-Hoc|iPhoneSimulator.ActiveCfg = Release|Any CPU
		{CF2C7DFB-4A31-44EE-80EF-3DEA3BA5D85F}.Ad-Hoc|iPhoneSimulator.Build.0 = Release|Any CPU
		{CF2C7DFB-4A31-44EE-80EF-3DEA3BA5D85F}.Ad-Hoc|iPhoneSimulator.Deploy.0 = Release|Any CPU
		{CF2C7DFB-4A31-44EE-80EF-3DEA3BA5D85F}.AppStore|Any CPU.ActiveCfg = Release|Any CPU
		{CF2C7DFB-4A31-44EE-80EF-3DEA3BA5D85F}.AppStore|Any CPU.Build.0 = Release|Any CPU
		{CF2C7DFB-4A31-44EE-80EF-3DEA3BA5D85F}.AppStore|Any CPU.Deploy.0 = Release|Any CPU
		{CF2C7DFB-4A31-44EE-80EF-3DEA3BA5D85F}.AppStore|iPhone.ActiveCfg = Release|Any CPU
		{CF2C7DFB-4A31-44EE-80EF-3DEA3BA5D85F}.AppStore|iPhone.Build.0 = Release|Any CPU
		{CF2C7DFB-4A31-44EE-80EF-3DEA3BA5D85F}.AppStore|iPhone.Deploy.0 = Release|Any CPU
		{CF2C7DFB-4A31-44EE-80EF-3DEA3BA5D85F}.AppStore|iPhoneSimulator.ActiveCfg = Release|Any CPU
		{CF2C7DFB-4A31-44EE-80EF-3DEA3BA5D85F}.AppStore|iPhoneSimulator.Build.0 = Release|Any CPU
		{CF2C7DFB-4A31-44EE-80EF-3DEA3BA5D85F}.AppStore|iPhoneSimulator.Deploy.0 = Release|Any CPU
		{CF2C7DFB-4A31-44EE-80EF-3DEA3BA5D85F}.Debug|Any CPU.ActiveCfg = Debug|Any CPU
		{CF2C7DFB-4A31-44EE-80EF-3DEA3BA5D85F}.Debug|Any CPU.Build.0 = Debug|Any CPU
		{CF2C7DFB-4A31-44EE-80EF-3DEA3BA5D85F}.Debug|Any CPU.Deploy.0 = Debug|Any CPU
		{CF2C7DFB-4A31-44EE-80EF-3DEA3BA5D85F}.Debug|iPhone.ActiveCfg = Debug|Any CPU
		{CF2C7DFB-4A31-44EE-80EF-3DEA3BA5D85F}.Debug|iPhone.Build.0 = Debug|Any CPU
		{CF2C7DFB-4A31-44EE-80EF-3DEA3BA5D85F}.Debug|iPhone.Deploy.0 = Debug|Any CPU
		{CF2C7DFB-4A31-44EE-80EF-3DEA3BA5D85F}.Debug|iPhoneSimulator.ActiveCfg = Debug|Any CPU
		{CF2C7DFB-4A31-44EE-80EF-3DEA3BA5D85F}.Debug|iPhoneSimulator.Build.0 = Debug|Any CPU
		{CF2C7DFB-4A31-44EE-80EF-3DEA3BA5D85F}.Debug|iPhoneSimulator.Deploy.0 = Debug|Any CPU
		{CF2C7DFB-4A31-44EE-80EF-3DEA3BA5D85F}.Release|Any CPU.ActiveCfg = Release|Any CPU
		{CF2C7DFB-4A31-44EE-80EF-3DEA3BA5D85F}.Release|Any CPU.Build.0 = Release|Any CPU
		{CF2C7DFB-4A31-44EE-80EF-3DEA3BA5D85F}.Release|Any CPU.Deploy.0 = Release|Any CPU
		{CF2C7DFB-4A31-44EE-80EF-3DEA3BA5D85F}.Release|iPhone.ActiveCfg = Release|Any CPU
		{CF2C7DFB-4A31-44EE-80EF-3DEA3BA5D85F}.Release|iPhone.Build.0 = Release|Any CPU
		{CF2C7DFB-4A31-44EE-80EF-3DEA3BA5D85F}.Release|iPhone.Deploy.0 = Release|Any CPU
		{CF2C7DFB-4A31-44EE-80EF-3DEA3BA5D85F}.Release|iPhoneSimulator.ActiveCfg = Release|Any CPU
		{CF2C7DFB-4A31-44EE-80EF-3DEA3BA5D85F}.Release|iPhoneSimulator.Build.0 = Release|Any CPU
		{CF2C7DFB-4A31-44EE-80EF-3DEA3BA5D85F}.Release|iPhoneSimulator.Deploy.0 = Release|Any CPU
		{E15F28B8-B5D8-400F-B3DD-446CF1D82869}.Ad-Hoc|Any CPU.ActiveCfg = Ad-Hoc|iPhone
		{E15F28B8-B5D8-400F-B3DD-446CF1D82869}.Ad-Hoc|Any CPU.Build.0 = Ad-Hoc|iPhone
		{E15F28B8-B5D8-400F-B3DD-446CF1D82869}.Ad-Hoc|Any CPU.Deploy.0 = Ad-Hoc|iPhone
		{E15F28B8-B5D8-400F-B3DD-446CF1D82869}.Ad-Hoc|iPhone.ActiveCfg = Ad-Hoc|iPhone
		{E15F28B8-B5D8-400F-B3DD-446CF1D82869}.Ad-Hoc|iPhone.Build.0 = Ad-Hoc|iPhone
		{E15F28B8-B5D8-400F-B3DD-446CF1D82869}.Ad-Hoc|iPhone.Deploy.0 = Ad-Hoc|iPhone
		{E15F28B8-B5D8-400F-B3DD-446CF1D82869}.Ad-Hoc|iPhoneSimulator.ActiveCfg = Ad-Hoc|iPhoneSimulator
		{E15F28B8-B5D8-400F-B3DD-446CF1D82869}.Ad-Hoc|iPhoneSimulator.Build.0 = Ad-Hoc|iPhoneSimulator
		{E15F28B8-B5D8-400F-B3DD-446CF1D82869}.Ad-Hoc|iPhoneSimulator.Deploy.0 = Ad-Hoc|iPhoneSimulator
		{E15F28B8-B5D8-400F-B3DD-446CF1D82869}.AppStore|Any CPU.ActiveCfg = AppStore|iPhone
		{E15F28B8-B5D8-400F-B3DD-446CF1D82869}.AppStore|Any CPU.Build.0 = AppStore|iPhone
		{E15F28B8-B5D8-400F-B3DD-446CF1D82869}.AppStore|Any CPU.Deploy.0 = AppStore|iPhone
		{E15F28B8-B5D8-400F-B3DD-446CF1D82869}.AppStore|iPhone.ActiveCfg = AppStore|iPhone
		{E15F28B8-B5D8-400F-B3DD-446CF1D82869}.AppStore|iPhone.Build.0 = AppStore|iPhone
		{E15F28B8-B5D8-400F-B3DD-446CF1D82869}.AppStore|iPhone.Deploy.0 = AppStore|iPhone
		{E15F28B8-B5D8-400F-B3DD-446CF1D82869}.AppStore|iPhoneSimulator.ActiveCfg = AppStore|iPhoneSimulator
		{E15F28B8-B5D8-400F-B3DD-446CF1D82869}.AppStore|iPhoneSimulator.Build.0 = AppStore|iPhoneSimulator
		{E15F28B8-B5D8-400F-B3DD-446CF1D82869}.AppStore|iPhoneSimulator.Deploy.0 = AppStore|iPhoneSimulator
		{E15F28B8-B5D8-400F-B3DD-446CF1D82869}.Debug|Any CPU.ActiveCfg = Debug|iPhoneSimulator
		{E15F28B8-B5D8-400F-B3DD-446CF1D82869}.Debug|Any CPU.Build.0 = Debug|iPhoneSimulator
		{E15F28B8-B5D8-400F-B3DD-446CF1D82869}.Debug|Any CPU.Deploy.0 = Debug|iPhoneSimulator
		{E15F28B8-B5D8-400F-B3DD-446CF1D82869}.Debug|iPhone.ActiveCfg = Debug|iPhone
		{E15F28B8-B5D8-400F-B3DD-446CF1D82869}.Debug|iPhone.Build.0 = Debug|iPhone
		{E15F28B8-B5D8-400F-B3DD-446CF1D82869}.Debug|iPhone.Deploy.0 = Debug|iPhone
		{E15F28B8-B5D8-400F-B3DD-446CF1D82869}.Debug|iPhoneSimulator.ActiveCfg = Debug|iPhoneSimulator
		{E15F28B8-B5D8-400F-B3DD-446CF1D82869}.Debug|iPhoneSimulator.Build.0 = Debug|iPhoneSimulator
		{E15F28B8-B5D8-400F-B3DD-446CF1D82869}.Debug|iPhoneSimulator.Deploy.0 = Debug|iPhoneSimulator
		{E15F28B8-B5D8-400F-B3DD-446CF1D82869}.Release|Any CPU.ActiveCfg = Release|iPhone
		{E15F28B8-B5D8-400F-B3DD-446CF1D82869}.Release|Any CPU.Build.0 = Release|iPhone
		{E15F28B8-B5D8-400F-B3DD-446CF1D82869}.Release|Any CPU.Deploy.0 = Release|iPhone
		{E15F28B8-B5D8-400F-B3DD-446CF1D82869}.Release|iPhone.ActiveCfg = Release|iPhone
		{E15F28B8-B5D8-400F-B3DD-446CF1D82869}.Release|iPhone.Build.0 = Release|iPhone
		{E15F28B8-B5D8-400F-B3DD-446CF1D82869}.Release|iPhone.Deploy.0 = Release|iPhone
		{E15F28B8-B5D8-400F-B3DD-446CF1D82869}.Release|iPhoneSimulator.ActiveCfg = Release|iPhoneSimulator
		{E15F28B8-B5D8-400F-B3DD-446CF1D82869}.Release|iPhoneSimulator.Build.0 = Release|iPhoneSimulator
		{E15F28B8-B5D8-400F-B3DD-446CF1D82869}.Release|iPhoneSimulator.Deploy.0 = Release|iPhoneSimulator
		{46B500D2-B482-4046-A73F-06FA904BFACF}.Ad-Hoc|Any CPU.ActiveCfg = Debug|Any CPU
		{46B500D2-B482-4046-A73F-06FA904BFACF}.Ad-Hoc|Any CPU.Build.0 = Debug|Any CPU
		{46B500D2-B482-4046-A73F-06FA904BFACF}.Ad-Hoc|Any CPU.Deploy.0 = Debug|Any CPU
		{46B500D2-B482-4046-A73F-06FA904BFACF}.Ad-Hoc|iPhone.ActiveCfg = Debug|Any CPU
		{46B500D2-B482-4046-A73F-06FA904BFACF}.Ad-Hoc|iPhone.Build.0 = Debug|Any CPU
		{46B500D2-B482-4046-A73F-06FA904BFACF}.Ad-Hoc|iPhone.Deploy.0 = Debug|Any CPU
		{46B500D2-B482-4046-A73F-06FA904BFACF}.Ad-Hoc|iPhoneSimulator.ActiveCfg = Debug|Any CPU
		{46B500D2-B482-4046-A73F-06FA904BFACF}.Ad-Hoc|iPhoneSimulator.Build.0 = Debug|Any CPU
		{46B500D2-B482-4046-A73F-06FA904BFACF}.Ad-Hoc|iPhoneSimulator.Deploy.0 = Debug|Any CPU
		{46B500D2-B482-4046-A73F-06FA904BFACF}.AppStore|Any CPU.ActiveCfg = Debug|Any CPU
		{46B500D2-B482-4046-A73F-06FA904BFACF}.AppStore|Any CPU.Build.0 = Debug|Any CPU
		{46B500D2-B482-4046-A73F-06FA904BFACF}.AppStore|Any CPU.Deploy.0 = Debug|Any CPU
		{46B500D2-B482-4046-A73F-06FA904BFACF}.AppStore|iPhone.ActiveCfg = Debug|Any CPU
		{46B500D2-B482-4046-A73F-06FA904BFACF}.AppStore|iPhone.Build.0 = Debug|Any CPU
		{46B500D2-B482-4046-A73F-06FA904BFACF}.AppStore|iPhone.Deploy.0 = Debug|Any CPU
		{46B500D2-B482-4046-A73F-06FA904BFACF}.AppStore|iPhoneSimulator.ActiveCfg = Debug|Any CPU
		{46B500D2-B482-4046-A73F-06FA904BFACF}.AppStore|iPhoneSimulator.Build.0 = Debug|Any CPU
		{46B500D2-B482-4046-A73F-06FA904BFACF}.AppStore|iPhoneSimulator.Deploy.0 = Debug|Any CPU
		{46B500D2-B482-4046-A73F-06FA904BFACF}.Debug|Any CPU.ActiveCfg = Debug|Any CPU
		{46B500D2-B482-4046-A73F-06FA904BFACF}.Debug|Any CPU.Build.0 = Debug|Any CPU
		{46B500D2-B482-4046-A73F-06FA904BFACF}.Debug|Any CPU.Deploy.0 = Debug|Any CPU
		{46B500D2-B482-4046-A73F-06FA904BFACF}.Debug|iPhone.ActiveCfg = Debug|Any CPU
		{46B500D2-B482-4046-A73F-06FA904BFACF}.Debug|iPhone.Build.0 = Debug|Any CPU
		{46B500D2-B482-4046-A73F-06FA904BFACF}.Debug|iPhone.Deploy.0 = Debug|Any CPU
		{46B500D2-B482-4046-A73F-06FA904BFACF}.Debug|iPhoneSimulator.ActiveCfg = Debug|Any CPU
		{46B500D2-B482-4046-A73F-06FA904BFACF}.Debug|iPhoneSimulator.Build.0 = Debug|Any CPU
		{46B500D2-B482-4046-A73F-06FA904BFACF}.Debug|iPhoneSimulator.Deploy.0 = Debug|Any CPU
		{46B500D2-B482-4046-A73F-06FA904BFACF}.Release|Any CPU.ActiveCfg = Release|Any CPU
		{46B500D2-B482-4046-A73F-06FA904BFACF}.Release|Any CPU.Build.0 = Release|Any CPU
		{46B500D2-B482-4046-A73F-06FA904BFACF}.Release|Any CPU.Deploy.0 = Release|Any CPU
		{46B500D2-B482-4046-A73F-06FA904BFACF}.Release|iPhone.ActiveCfg = Release|Any CPU
		{46B500D2-B482-4046-A73F-06FA904BFACF}.Release|iPhone.Build.0 = Release|Any CPU
		{46B500D2-B482-4046-A73F-06FA904BFACF}.Release|iPhone.Deploy.0 = Release|Any CPU
		{46B500D2-B482-4046-A73F-06FA904BFACF}.Release|iPhoneSimulator.ActiveCfg = Release|Any CPU
		{46B500D2-B482-4046-A73F-06FA904BFACF}.Release|iPhoneSimulator.Build.0 = Release|Any CPU
		{46B500D2-B482-4046-A73F-06FA904BFACF}.Release|iPhoneSimulator.Deploy.0 = Release|Any CPU
	EndGlobalSection
	GlobalSection(SolutionProperties) = preSolution
		HideSolutionNode = FALSE
	EndGlobalSection
	GlobalSection(ExtensibilityGlobals) = postSolution
		SolutionGuid = {6680E9F8-17E1-420C-9520-896A50AB4EF0}
	EndGlobalSection
EndGlobal
